PODS:
  - Flutter (1.0.0)
  - integration_test (0.0.1):
    - Flutter
  - pigeon_demo (0.0.1):
    - Flutter

DEPENDENCIES:
  - Flutter (from `Flutter`)
  - integration_test (from `.symlinks/plugins/integration_test/ios`)
  - pigeon_demo (from `.symlinks/plugins/pigeon_demo/ios`)

EXTERNAL SOURCES:
  Flutter:
    :path: Flutter
  integration_test:
    :path: ".symlinks/plugins/integration_test/ios"
  pigeon_demo:
    :path: ".symlinks/plugins/pigeon_demo/ios"

SPEC CHECKSUMS:
  Flutter: e0871f40cf51350855a761d2e70bf5af5b9b5de7
  integration_test: ce0a3ffa1de96d1a89ca0ac26fca7ea18a749ef4
  pigeon_demo: 385f374745ad6125fcde6c42afba9580e82724ae

PODFILE CHECKSUM: 819463e6a0290f5a72f145ba7cde16e8b6ef0796

COCOAPODS: 1.11.3
